
Microsoft Visual Studio Solution File, Format Version 12.00
# Visual Studio Version 17
VisualStudioVersion = 17.14.36429.23 d17.14
MinimumVisualStudioVersion = 10.0.40219.1
Project("{FAE04EC0-301F-11D3-BF4B-00C04F79EFBC}") = "SkumOgSandhed.Client", "SkumOgSandhed.Client\SkumOgSandhed.Client.csproj", "{91443459-AC64-47D3-A95F-2CC086A44DBB}"
EndProject
Global
	GlobalSection(SolutionConfigurationPlatforms) = preSolution
		Debug|Any CPU = Debug|Any CPU
		Release|Any CPU = Release|Any CPU
	EndGlobalSection
	GlobalSection(ProjectConfigurationPlatforms) = postSolution
		{91443459-AC64-47D3-A95F-2CC086A44DBB}.Debug|Any CPU.ActiveCfg = Debug|Any CPU
		{91443459-AC64-47D3-A95F-2CC086A44DBB}.Debug|Any CPU.Build.0 = Debug|Any CPU
		{91443459-AC64-47D3-A95F-2CC086A44DBB}.Release|Any CPU.ActiveCfg = Release|Any CPU
		{91443459-AC64-47D3-A95F-2CC086A44DBB}.Release|Any CPU.Build.0 = Release|Any CPU
	EndGlobalSection
	GlobalSection(SolutionProperties) = preSolution
		HideSolutionNode = FALSE
	EndGlobalSection
	GlobalSection(ExtensibilityGlobals) = postSolution
		SolutionGuid = {3D1E0518-F7C3-4AA3-9F4B-9802763A244E}
	EndGlobalSection
EndGlobal
