Microsoft Visual Studio Solution File, Format Version 12.00
# Visual Studio Version 17
VisualStudioVersion = 17.5.2.0
MinimumVisualStudioVersion = 10.0.40219.1
Project("{FAE04EC0-301F-11D3-BF4B-00C04F79EFBC}") = "SkumOgSandhed.Client", "SkumOgSandhed.Client.csproj", "{BC035384-E090-DECA-5F09-C2CF7F774EC6}"
EndProject
Global
	GlobalSection(SolutionConfigurationPlatforms) = preSolution
		Debug|Any CPU = Debug|Any CPU
		Release|Any CPU = Release|Any CPU
	EndGlobalSection
	GlobalSection(ProjectConfigurationPlatforms) = postSolution
		{BC035384-E090-DECA-5F09-C2CF7F774EC6}.Debug|Any CPU.ActiveCfg = Debug|Any CPU
		{BC035384-E090-DECA-5F09-C2CF7F774EC6}.Debug|Any CPU.Build.0 = Debug|Any CPU
		{BC035384-E090-DECA-5F09-C2CF7F774EC6}.Release|Any CPU.ActiveCfg = Release|Any CPU
		{BC035384-E090-DECA-5F09-C2CF7F774EC6}.Release|Any CPU.Build.0 = Release|Any CPU
	EndGlobalSection
	GlobalSection(SolutionProperties) = preSolution
		HideSolutionNode = FALSE
	EndGlobalSection
	GlobalSection(ExtensibilityGlobals) = postSolution
		SolutionGuid = {B0035035-8369-4047-B0CE-523840D51B62}
	EndGlobalSection
EndGlobal
